
Microsoft Visual Studio Solution File, Format Version 12.00
# Visual Studio Version 16
VisualStudioVersion = 16.0.31702.278
MinimumVisualStudioVersion = 10.0.40219.1
Project("{FAE04EC0-301F-11D3-BF4B-00C04F79EFBC}") = "CSC350H_Project1_Jadgesh_Inderjeet", "CSC350H_Project1_Jadgesh_Inderjeet.csproj", "{3AC8ED40-4103-4903-9AA5-CC3D4B286BB0}"
EndProject
Global
	GlobalSection(SolutionConfigurationPlatforms) = preSolution
		Debug|Any CPU = Debug|Any CPU
		Release|Any CPU = Release|Any CPU
	EndGlobalSection
	GlobalSection(ProjectConfigurationPlatforms) = postSolution
		{3AC8ED40-4103-4903-9AA5-CC3D4B286BB0}.Debug|Any CPU.ActiveCfg = Debug|Any CPU
		{3AC8ED40-4103-4903-9AA5-CC3D4B286BB0}.Debug|Any CPU.Build.0 = Debug|Any CPU
		{3AC8ED40-4103-4903-9AA5-CC3D4B286BB0}.Release|Any CPU.ActiveCfg = Release|Any CPU
		{3AC8ED40-4103-4903-9AA5-CC3D4B286BB0}.Release|Any CPU.Build.0 = Release|Any CPU
	EndGlobalSection
	GlobalSection(SolutionProperties) = preSolution
		HideSolutionNode = FALSE
	EndGlobalSection
	GlobalSection(ExtensibilityGlobals) = postSolution
		SolutionGuid = {2B51CA5C-F265-4049-8F5F-3373793479A0}
	EndGlobalSection
EndGlobal
